
Microsoft Visual Studio Solution File, Format Version 12.00
# Visual Studio 15
VisualStudioVersion = 15.0.28307.572
MinimumVisualStudioVersion = 10.0.40219.1
Project("{FAE04EC0-301F-11D3-BF4B-00C04F79EFBC}") = "premier", "premier\premier.csproj", "{9CCF96AD-8132-428D-B53F-911378D5B83C}"
EndProject
Project("{FAE04EC0-301F-11D3-BF4B-00C04F79EFBC}") = "Console2", "Console2\Console2.csproj", "{BA4C3E5C-6E88-4734-841C-A7D776B0F8B3}"
EndProject
Global
	GlobalSection(SolutionConfigurationPlatforms) = preSolution
		Debug|Any CPU = Debug|Any CPU
		Release|Any CPU = Release|Any CPU
	EndGlobalSection
	GlobalSection(ProjectConfigurationPlatforms) = postSolution
		{9CCF96AD-8132-428D-B53F-911378D5B83C}.Debug|Any CPU.ActiveCfg = Debug|Any CPU
		{9CCF96AD-8132-428D-B53F-911378D5B83C}.Debug|Any CPU.Build.0 = Debug|Any CPU
		{9CCF96AD-8132-428D-B53F-911378D5B83C}.Release|Any CPU.ActiveCfg = Release|Any CPU
		{9CCF96AD-8132-428D-B53F-911378D5B83C}.Release|Any CPU.Build.0 = Release|Any CPU
		{BA4C3E5C-6E88-4734-841C-A7D776B0F8B3}.Debug|Any CPU.ActiveCfg = Debug|Any CPU
		{BA4C3E5C-6E88-4734-841C-A7D776B0F8B3}.Debug|Any CPU.Build.0 = Debug|Any CPU
		{BA4C3E5C-6E88-4734-841C-A7D776B0F8B3}.Release|Any CPU.ActiveCfg = Release|Any CPU
		{BA4C3E5C-6E88-4734-841C-A7D776B0F8B3}.Release|Any CPU.Build.0 = Release|Any CPU
	EndGlobalSection
	GlobalSection(SolutionProperties) = preSolution
		HideSolutionNode = FALSE
	EndGlobalSection
	GlobalSection(ExtensibilityGlobals) = postSolution
		SolutionGuid = {DB22C504-3F06-478F-8515-8277245B76DD}
	EndGlobalSection
EndGlobal
